// !$*UTF8*$!
{
	archiveVersion = 1;
	classes = {
	};
	objectVersion = 52;
	objects = {

/* Begin PBXBuildFile section */
		F92B8D5725AAE365000D62F4 /* CategoryViewControllerTests.swift in Sources */ = {isa = PBXBuildFile; fileRef = F92B8D5325AAE365000D62F4 /* CategoryViewControllerTests.swift */; };
		F92B8D5825AAE365000D62F4 /* CategoryInteractorTests.swift in Sources */ = {isa = PBXBuildFile; fileRef = F92B8D5425AAE365000D62F4 /* CategoryInteractorTests.swift */; };
		F92B8D5925AAE365000D62F4 /* CategoryWorkerTests.swift in Sources */ = {isa = PBXBuildFile; fileRef = F92B8D5525AAE365000D62F4 /* CategoryWorkerTests.swift */; };
		F92B8D5A25AAE365000D62F4 /* CategoryPresenterTests.swift in Sources */ = {isa = PBXBuildFile; fileRef = F92B8D5625AAE365000D62F4 /* CategoryPresenterTests.swift */; };
		F92B8D6625AB6DDD000D62F4 /* RegionViewControllerTests.swift in Sources */ = {isa = PBXBuildFile; fileRef = F92B8D6225AB6DDD000D62F4 /* RegionViewControllerTests.swift */; };
		F92B8D6725AB6DDD000D62F4 /* RegionInteractorTests.swift in Sources */ = {isa = PBXBuildFile; fileRef = F92B8D6325AB6DDD000D62F4 /* RegionInteractorTests.swift */; };
		F92B8D6825AB6DDD000D62F4 /* RegionWorkerTests.swift in Sources */ = {isa = PBXBuildFile; fileRef = F92B8D6425AB6DDD000D62F4 /* RegionWorkerTests.swift */; };
		F92B8D6925AB6DDD000D62F4 /* RegionPresenterTests.swift in Sources */ = {isa = PBXBuildFile; fileRef = F92B8D6525AB6DDD000D62F4 /* RegionPresenterTests.swift */; };
		F9A7A5D825A61399004CFA9E /* BaseTableNode.swift in Sources */ = {isa = PBXBuildFile; fileRef = F9A7A5D725A61399004CFA9E /* BaseTableNode.swift */; };
		F9A7A5E225A6BA0B004CFA9E /* RxKeyboard.swift in Sources */ = {isa = PBXBuildFile; fileRef = F9A7A5E125A6BA0B004CFA9E /* RxKeyboard.swift */; };
		F9A7A5EA25A6BCD4004CFA9E /* Device.swift in Sources */ = {isa = PBXBuildFile; fileRef = F9A7A5E925A6BCD4004CFA9E /* Device.swift */; };
		F9A7A62125A6C362004CFA9E /* UIApplication+.swift in Sources */ = {isa = PBXBuildFile; fileRef = F9A7A62025A6C362004CFA9E /* UIApplication+.swift */; };
		F9A7A62725A6D41E004CFA9E /* ASEditableTextNode.swift in Sources */ = {isa = PBXBuildFile; fileRef = F9A7A62625A6D41E004CFA9E /* ASEditableTextNode.swift */; };
		F9A7A63025A6D524004CFA9E /* ObservableType+.swift in Sources */ = {isa = PBXBuildFile; fileRef = F9A7A62F25A6D524004CFA9E /* ObservableType+.swift */; };
		F9B02B3725A734AA0098F91E /* Scene.swift in Sources */ = {isa = PBXBuildFile; fileRef = F9B02B3625A734AA0098F91E /* Scene.swift */; };
		F9B02B7525A747630098F91E /* CategoryPresenter.swift in Sources */ = {isa = PBXBuildFile; fileRef = F9B02B6F25A747630098F91E /* CategoryPresenter.swift */; };
		F9B02B7625A747630098F91E /* CategoryWorker.swift in Sources */ = {isa = PBXBuildFile; fileRef = F9B02B7025A747630098F91E /* CategoryWorker.swift */; };
		F9B02B7725A747630098F91E /* CategoryRouter.swift in Sources */ = {isa = PBXBuildFile; fileRef = F9B02B7125A747630098F91E /* CategoryRouter.swift */; };
		F9B02B7825A747630098F91E /* CategoryModels.swift in Sources */ = {isa = PBXBuildFile; fileRef = F9B02B7225A747630098F91E /* CategoryModels.swift */; };
		F9B02B7925A747630098F91E /* CategoryViewController.swift in Sources */ = {isa = PBXBuildFile; fileRef = F9B02B7325A747630098F91E /* CategoryViewController.swift */; };
		F9B02B7A25A747630098F91E /* CategoryInteractor.swift in Sources */ = {isa = PBXBuildFile; fileRef = F9B02B7425A747630098F91E /* CategoryInteractor.swift */; };
		F9B02B8B25A750AC0098F91E /* RegionPresenter.swift in Sources */ = {isa = PBXBuildFile; fileRef = F9B02B8525A750AC0098F91E /* RegionPresenter.swift */; };
		F9B02B8C25A750AC0098F91E /* RegionWorker.swift in Sources */ = {isa = PBXBuildFile; fileRef = F9B02B8625A750AC0098F91E /* RegionWorker.swift */; };
		F9B02B8D25A750AC0098F91E /* RegionRouter.swift in Sources */ = {isa = PBXBuildFile; fileRef = F9B02B8725A750AC0098F91E /* RegionRouter.swift */; };
		F9B02B8E25A750AC0098F91E /* RegionModels.swift in Sources */ = {isa = PBXBuildFile; fileRef = F9B02B8825A750AC0098F91E /* RegionModels.swift */; };
		F9B02B8F25A750AC0098F91E /* RegionViewController.swift in Sources */ = {isa = PBXBuildFile; fileRef = F9B02B8925A750AC0098F91E /* RegionViewController.swift */; };
		F9B02B9025A750AC0098F91E /* RegionInteractor.swift in Sources */ = {isa = PBXBuildFile; fileRef = F9B02B8A25A750AC0098F91E /* RegionInteractor.swift */; };
		F9B02B9925A75C8A0098F91E /* ArticleCategory.swift in Sources */ = {isa = PBXBuildFile; fileRef = F9B02B9825A75C8A0098F91E /* ArticleCategory.swift */; };
		F9B02BA125A75C970098F91E /* Region.swift in Sources */ = {isa = PBXBuildFile; fileRef = F9B02BA025A75C970098F91E /* Region.swift */; };
		F9B02BA625A75CA60098F91E /* FleaMarketArticle.swift in Sources */ = {isa = PBXBuildFile; fileRef = F9B02BA525A75CA60098F91E /* FleaMarketArticle.swift */; };
		F9B02BAB25A761100098F91E /* UIViewController+Rx.swift in Sources */ = {isa = PBXBuildFile; fileRef = F9B02BAA25A761100098F91E /* UIViewController+Rx.swift */; };
		F9B02BB325A76FE10098F91E /* SelectionCell.swift in Sources */ = {isa = PBXBuildFile; fileRef = F9B02BB225A76FE10098F91E /* SelectionCell.swift */; };
		F9B02BBC25A7705B0098F91E /* CategorySelectionCell.swift in Sources */ = {isa = PBXBuildFile; fileRef = F9B02BBB25A7705B0098F91E /* CategorySelectionCell.swift */; };
		F9B02BC825A842510098F91E /* RegionSelectionCell.swift in Sources */ = {isa = PBXBuildFile; fileRef = F9B02BC725A842510098F91E /* RegionSelectionCell.swift */; };
		F9B02BD025A87F650098F91E /* FreeShareButtonNode.swift in Sources */ = {isa = PBXBuildFile; fileRef = F9B02BCF25A87F650098F91E /* FreeShareButtonNode.swift */; };
		F9B02C3425A8ECD20098F91E /* FleaMarketWriteFormViewControllerTests.swift in Sources */ = {isa = PBXBuildFile; fileRef = F9B02C3025A8ECD20098F91E /* FleaMarketWriteFormViewControllerTests.swift */; };
		F9B02C3525A8ECD20098F91E /* FleaMarketWriteFormInteractorTests.swift in Sources */ = {isa = PBXBuildFile; fileRef = F9B02C3125A8ECD20098F91E /* FleaMarketWriteFormInteractorTests.swift */; };
		F9B02C3625A8ECD20098F91E /* FleaMarketWriteFormWorkerTests.swift in Sources */ = {isa = PBXBuildFile; fileRef = F9B02C3225A8ECD20098F91E /* FleaMarketWriteFormWorkerTests.swift */; };
		F9B02C3725A8ECD20098F91E /* FleaMarketWriteFormPresenterTests.swift in Sources */ = {isa = PBXBuildFile; fileRef = F9B02C3325A8ECD20098F91E /* FleaMarketWriteFormPresenterTests.swift */; };
		F9B02C4025A982800098F91E /* Nimble in Frameworks */ = {isa = PBXBuildFile; productRef = F9B02C3F25A982800098F91E /* Nimble */; };
		F9B02C4925AA12FD0098F91E /* Seeds.swift in Sources */ = {isa = PBXBuildFile; fileRef = F9B02C4825AA12FD0098F91E /* Seeds.swift */; };
		F9B02C5125AA41090098F91E /* Text.swift in Sources */ = {isa = PBXBuildFile; fileRef = F9B02C5025AA41090098F91E /* Text.swift */; };
		F9E7DAC225A5A990007788AC /* AppDelegate.swift in Sources */ = {isa = PBXBuildFile; fileRef = F9E7DAC125A5A990007788AC /* AppDelegate.swift */; };
		F9E7DACB25A5A991007788AC /* Image.xcassets in Resources */ = {isa = PBXBuildFile; fileRef = F9E7DACA25A5A991007788AC /* Image.xcassets */; };
		F9E7DACE25A5A991007788AC /* LaunchScreen.storyboard in Resources */ = {isa = PBXBuildFile; fileRef = F9E7DACC25A5A991007788AC /* LaunchScreen.storyboard */; };
		F9E7DAD925A5A991007788AC /* Karrot_cloneTests.swift in Sources */ = {isa = PBXBuildFile; fileRef = F9E7DAD825A5A991007788AC /* Karrot_cloneTests.swift */; };
		F9E7DAE425A5A991007788AC /* Karrot_cloneUITests.swift in Sources */ = {isa = PBXBuildFile; fileRef = F9E7DAE325A5A991007788AC /* Karrot_cloneUITests.swift */; };
		F9E7DAFC25A5AC19007788AC /* PINCache.framework in Frameworks */ = {isa = PBXBuildFile; fileRef = F9E7DAF825A5AC19007788AC /* PINCache.framework */; };
		F9E7DAFD25A5AC19007788AC /* AsyncDisplayKit.framework in Frameworks */ = {isa = PBXBuildFile; fileRef = F9E7DAF925A5AC19007788AC /* AsyncDisplayKit.framework */; };
		F9E7DAFE25A5AC19007788AC /* PINRemoteImage.framework in Frameworks */ = {isa = PBXBuildFile; fileRef = F9E7DAFA25A5AC19007788AC /* PINRemoteImage.framework */; };
		F9E7DAFF25A5AC19007788AC /* PINOperation.framework in Frameworks */ = {isa = PBXBuildFile; fileRef = F9E7DAFB25A5AC19007788AC /* PINOperation.framework */; };
		F9E7DB0925A5AD80007788AC /* RxSwift in Frameworks */ = {isa = PBXBuildFile; productRef = F9E7DB0825A5AD80007788AC /* RxSwift */; };
		F9E7DB0D25A5AD80007788AC /* RxRelay in Frameworks */ = {isa = PBXBuildFile; productRef = F9E7DB0C25A5AD80007788AC /* RxRelay */; };
		F9E7DB0F25A5AD80007788AC /* RxCocoa in Frameworks */ = {isa = PBXBuildFile; productRef = F9E7DB0E25A5AD80007788AC /* RxCocoa */; };
		F9E7DB1725A5AD98007788AC /* Then in Frameworks */ = {isa = PBXBuildFile; productRef = F9E7DB1625A5AD98007788AC /* Then */; };
		F9E7DB1D25A5ADB0007788AC /* Resolver in Frameworks */ = {isa = PBXBuildFile; productRef = F9E7DB1C25A5ADB0007788AC /* Resolver */; };
		F9E7DB5825A5B09A007788AC /* Logging.swift in Sources */ = {isa = PBXBuildFile; fileRef = F9E7DB5725A5B09A007788AC /* Logging.swift */; };
		F9E7DB6C25A5B103007788AC /* BaseASViewController.swift in Sources */ = {isa = PBXBuildFile; fileRef = F9E7DB6B25A5B103007788AC /* BaseASViewController.swift */; };
		F9E7DB7125A5B110007788AC /* BaseASTabBarController.swift in Sources */ = {isa = PBXBuildFile; fileRef = F9E7DB7025A5B110007788AC /* BaseASTabBarController.swift */; };
		F9E7DB7625A5B116007788AC /* BaseASNavigationController.swift in Sources */ = {isa = PBXBuildFile; fileRef = F9E7DB7525A5B116007788AC /* BaseASNavigationController.swift */; };
		F9E7DB7B25A5B11C007788AC /* BaseInteractor.swift in Sources */ = {isa = PBXBuildFile; fileRef = F9E7DB7A25A5B11C007788AC /* BaseInteractor.swift */; };
		F9E7DB8025A5B121007788AC /* BaseNode.swift in Sources */ = {isa = PBXBuildFile; fileRef = F9E7DB7F25A5B121007788AC /* BaseNode.swift */; };
		F9E7DB8525A5B125007788AC /* BasePresenter.swift in Sources */ = {isa = PBXBuildFile; fileRef = F9E7DB8425A5B125007788AC /* BasePresenter.swift */; };
		F9E7DB8A25A5B12A007788AC /* BaseRouter.swift in Sources */ = {isa = PBXBuildFile; fileRef = F9E7DB8925A5B12A007788AC /* BaseRouter.swift */; };
		F9E7DB8F25A5B132007788AC /* BaseWorker.swift in Sources */ = {isa = PBXBuildFile; fileRef = F9E7DB8E25A5B132007788AC /* BaseWorker.swift */; };
		F9E7DB9425A5B139007788AC /* BaseCellNode.swift in Sources */ = {isa = PBXBuildFile; fileRef = F9E7DB9325A5B139007788AC /* BaseCellNode.swift */; };
		F9E7DB9C25A5B200007788AC /* AppDelegate+Injection.swift in Sources */ = {isa = PBXBuildFile; fileRef = F9E7DB9B25A5B200007788AC /* AppDelegate+Injection.swift */; };
		F9E7DBD025A5B615007788AC /* FeedPresenter.swift in Sources */ = {isa = PBXBuildFile; fileRef = F9E7DBCA25A5B615007788AC /* FeedPresenter.swift */; };
		F9E7DBD125A5B615007788AC /* FeedWorker.swift in Sources */ = {isa = PBXBuildFile; fileRef = F9E7DBCB25A5B615007788AC /* FeedWorker.swift */; };
		F9E7DBD225A5B615007788AC /* FeedRouter.swift in Sources */ = {isa = PBXBuildFile; fileRef = F9E7DBCC25A5B615007788AC /* FeedRouter.swift */; };
		F9E7DBD325A5B615007788AC /* FeedModels.swift in Sources */ = {isa = PBXBuildFile; fileRef = F9E7DBCD25A5B615007788AC /* FeedModels.swift */; };
		F9E7DBD425A5B615007788AC /* FeedViewController.swift in Sources */ = {isa = PBXBuildFile; fileRef = F9E7DBCE25A5B615007788AC /* FeedViewController.swift */; };
		F9E7DBD525A5B615007788AC /* FeedInteractor.swift in Sources */ = {isa = PBXBuildFile; fileRef = F9E7DBCF25A5B615007788AC /* FeedInteractor.swift */; };
		F9E7DBE525A5B906007788AC /* UIViewController+.swift in Sources */ = {isa = PBXBuildFile; fileRef = F9E7DBE425A5B906007788AC /* UIViewController+.swift */; };
		F9E7DBEF25A5BDA7007788AC /* ASControlTarget.swift in Sources */ = {isa = PBXBuildFile; fileRef = F9E7DBEE25A5BDA7007788AC /* ASControlTarget.swift */; };
		F9E7DBF425A5BDC8007788AC /* ASRxTarget.swift in Sources */ = {isa = PBXBuildFile; fileRef = F9E7DBF325A5BDC8007788AC /* ASRxTarget.swift */; };
		F9E7DBF925A5BE66007788AC /* ASButtonNode+Rx.swift in Sources */ = {isa = PBXBuildFile; fileRef = F9E7DBF825A5BE66007788AC /* ASButtonNode+Rx.swift */; };
		F9E7DC0125A5BECB007788AC /* ASControlNode.swift in Sources */ = {isa = PBXBuildFile; fileRef = F9E7DC0025A5BECB007788AC /* ASControlNode.swift */; };
		F9E7DC1925A5F842007788AC /* FleaMarketWriteFormPresenter.swift in Sources */ = {isa = PBXBuildFile; fileRef = F9E7DC1325A5F842007788AC /* FleaMarketWriteFormPresenter.swift */; };
		F9E7DC1A25A5F842007788AC /* FleaMarketWriteFormWorker.swift in Sources */ = {isa = PBXBuildFile; fileRef = F9E7DC1425A5F842007788AC /* FleaMarketWriteFormWorker.swift */; };
		F9E7DC1B25A5F842007788AC /* FleaMarketWriteFormRouter.swift in Sources */ = {isa = PBXBuildFile; fileRef = F9E7DC1525A5F842007788AC /* FleaMarketWriteFormRouter.swift */; };
		F9E7DC1C25A5F842007788AC /* FleaMarketWriteFormModels.swift in Sources */ = {isa = PBXBuildFile; fileRef = F9E7DC1625A5F842007788AC /* FleaMarketWriteFormModels.swift */; };
		F9E7DC1D25A5F842007788AC /* FleaMarketWriteFormViewController.swift in Sources */ = {isa = PBXBuildFile; fileRef = F9E7DC1725A5F842007788AC /* FleaMarketWriteFormViewController.swift */; };
		F9E7DC1E25A5F842007788AC /* FleaMarketWriteFormInteractor.swift in Sources */ = {isa = PBXBuildFile; fileRef = F9E7DC1825A5F842007788AC /* FleaMarketWriteFormInteractor.swift */; };
		F9E7DC2725A5FAAC007788AC /* Image.swift in Sources */ = {isa = PBXBuildFile; fileRef = F9E7DC2625A5FAAC007788AC /* Image.swift */; };
		F9E7DC2C25A5FC00007788AC /* UIView+.swift in Sources */ = {isa = PBXBuildFile; fileRef = F9E7DC2B25A5FC00007788AC /* UIView+.swift */; };
		F9E7DC3525A5FF78007788AC /* FleaMarketSelectionCell.swift in Sources */ = {isa = PBXBuildFile; fileRef = F9E7DC3425A5FF78007788AC /* FleaMarketSelectionCell.swift */; };
		F9E7DC3D25A5FFD7007788AC /* FleaMarketPriceInputCell.swift in Sources */ = {isa = PBXBuildFile; fileRef = F9E7DC3C25A5FFD7007788AC /* FleaMarketPriceInputCell.swift */; };
		F9E7DC4225A5FFE7007788AC /* FleaMarketContentFieldCell.swift in Sources */ = {isa = PBXBuildFile; fileRef = F9E7DC4125A5FFE7007788AC /* FleaMarketContentFieldCell.swift */; };
		F9E7DC4825A60265007788AC /* TextFieldNode.swift in Sources */ = {isa = PBXBuildFile; fileRef = F9E7DC4725A60265007788AC /* TextFieldNode.swift */; };
		F9E7DC5125A60B6B007788AC /* FleaMarketCellKind.swift in Sources */ = {isa = PBXBuildFile; fileRef = F9E7DC5025A60B6B007788AC /* FleaMarketCellKind.swift */; };
/* End PBXBuildFile section */

/* Begin PBXContainerItemProxy section */
		F9E7DAD525A5A991007788AC /* PBXContainerItemProxy */ = {
			isa = PBXContainerItemProxy;
			containerPortal = F9E7DAB625A5A990007788AC /* Project object */;
			proxyType = 1;
			remoteGlobalIDString = F9E7DABD25A5A990007788AC;
			remoteInfo = Karrot_clone;
		};
		F9E7DAE025A5A991007788AC /* PBXContainerItemProxy */ = {
			isa = PBXContainerItemProxy;
			containerPortal = F9E7DAB625A5A990007788AC /* Project object */;
			proxyType = 1;
			remoteGlobalIDString = F9E7DABD25A5A990007788AC;
			remoteInfo = Karrot_clone;
		};
/* End PBXContainerItemProxy section */

/* Begin PBXFileReference section */
		F92B8D5325AAE365000D62F4 /* CategoryViewControllerTests.swift */ = {isa = PBXFileReference; lastKnownFileType = sourcecode.swift; path = CategoryViewControllerTests.swift; sourceTree = "<group>"; };
		F92B8D5425AAE365000D62F4 /* CategoryInteractorTests.swift */ = {isa = PBXFileReference; lastKnownFileType = sourcecode.swift; path = CategoryInteractorTests.swift; sourceTree = "<group>"; };
		F92B8D5525AAE365000D62F4 /* CategoryWorkerTests.swift */ = {isa = PBXFileReference; lastKnownFileType = sourcecode.swift; path = CategoryWorkerTests.swift; sourceTree = "<group>"; };
		F92B8D5625AAE365000D62F4 /* CategoryPresenterTests.swift */ = {isa = PBXFileReference; lastKnownFileType = sourcecode.swift; path = CategoryPresenterTests.swift; sourceTree = "<group>"; };
		F92B8D6225AB6DDD000D62F4 /* RegionViewControllerTests.swift */ = {isa = PBXFileReference; lastKnownFileType = sourcecode.swift; path = RegionViewControllerTests.swift; sourceTree = "<group>"; };
		F92B8D6325AB6DDD000D62F4 /* RegionInteractorTests.swift */ = {isa = PBXFileReference; lastKnownFileType = sourcecode.swift; path = RegionInteractorTests.swift; sourceTree = "<group>"; };
		F92B8D6425AB6DDD000D62F4 /* RegionWorkerTests.swift */ = {isa = PBXFileReference; lastKnownFileType = sourcecode.swift; path = RegionWorkerTests.swift; sourceTree = "<group>"; };
		F92B8D6525AB6DDD000D62F4 /* RegionPresenterTests.swift */ = {isa = PBXFileReference; lastKnownFileType = sourcecode.swift; path = RegionPresenterTests.swift; sourceTree = "<group>"; };
		F9A7A5D725A61399004CFA9E /* BaseTableNode.swift */ = {isa = PBXFileReference; lastKnownFileType = sourcecode.swift; path = BaseTableNode.swift; sourceTree = "<group>"; };
		F9A7A5E125A6BA0B004CFA9E /* RxKeyboard.swift */ = {isa = PBXFileReference; lastKnownFileType = sourcecode.swift; path = RxKeyboard.swift; sourceTree = "<group>"; };
		F9A7A5E925A6BCD4004CFA9E /* Device.swift */ = {isa = PBXFileReference; lastKnownFileType = sourcecode.swift; path = Device.swift; sourceTree = "<group>"; };
		F9A7A62025A6C362004CFA9E /* UIApplication+.swift */ = {isa = PBXFileReference; lastKnownFileType = sourcecode.swift; path = "UIApplication+.swift"; sourceTree = "<group>"; };
		F9A7A62625A6D41E004CFA9E /* ASEditableTextNode.swift */ = {isa = PBXFileReference; lastKnownFileType = sourcecode.swift; path = ASEditableTextNode.swift; sourceTree = "<group>"; };
		F9A7A62F25A6D524004CFA9E /* ObservableType+.swift */ = {isa = PBXFileReference; lastKnownFileType = sourcecode.swift; path = "ObservableType+.swift"; sourceTree = "<group>"; };
		F9B02B3625A734AA0098F91E /* Scene.swift */ = {isa = PBXFileReference; lastKnownFileType = sourcecode.swift; path = Scene.swift; sourceTree = "<group>"; };
		F9B02B6F25A747630098F91E /* CategoryPresenter.swift */ = {isa = PBXFileReference; lastKnownFileType = sourcecode.swift; path = CategoryPresenter.swift; sourceTree = "<group>"; };
		F9B02B7025A747630098F91E /* CategoryWorker.swift */ = {isa = PBXFileReference; lastKnownFileType = sourcecode.swift; path = CategoryWorker.swift; sourceTree = "<group>"; };
		F9B02B7125A747630098F91E /* CategoryRouter.swift */ = {isa = PBXFileReference; lastKnownFileType = sourcecode.swift; path = CategoryRouter.swift; sourceTree = "<group>"; };
		F9B02B7225A747630098F91E /* CategoryModels.swift */ = {isa = PBXFileReference; lastKnownFileType = sourcecode.swift; path = CategoryModels.swift; sourceTree = "<group>"; };
		F9B02B7325A747630098F91E /* CategoryViewController.swift */ = {isa = PBXFileReference; lastKnownFileType = sourcecode.swift; path = CategoryViewController.swift; sourceTree = "<group>"; };
		F9B02B7425A747630098F91E /* CategoryInteractor.swift */ = {isa = PBXFileReference; lastKnownFileType = sourcecode.swift; path = CategoryInteractor.swift; sourceTree = "<group>"; };
		F9B02B8525A750AC0098F91E /* RegionPresenter.swift */ = {isa = PBXFileReference; lastKnownFileType = sourcecode.swift; path = RegionPresenter.swift; sourceTree = "<group>"; };
		F9B02B8625A750AC0098F91E /* RegionWorker.swift */ = {isa = PBXFileReference; lastKnownFileType = sourcecode.swift; path = RegionWorker.swift; sourceTree = "<group>"; };
		F9B02B8725A750AC0098F91E /* RegionRouter.swift */ = {isa = PBXFileReference; lastKnownFileType = sourcecode.swift; path = RegionRouter.swift; sourceTree = "<group>"; };
		F9B02B8825A750AC0098F91E /* RegionModels.swift */ = {isa = PBXFileReference; lastKnownFileType = sourcecode.swift; path = RegionModels.swift; sourceTree = "<group>"; };
		F9B02B8925A750AC0098F91E /* RegionViewController.swift */ = {isa = PBXFileReference; lastKnownFileType = sourcecode.swift; path = RegionViewController.swift; sourceTree = "<group>"; };
		F9B02B8A25A750AC0098F91E /* RegionInteractor.swift */ = {isa = PBXFileReference; lastKnownFileType = sourcecode.swift; path = RegionInteractor.swift; sourceTree = "<group>"; };
		F9B02B9825A75C8A0098F91E /* ArticleCategory.swift */ = {isa = PBXFileReference; lastKnownFileType = sourcecode.swift; path = ArticleCategory.swift; sourceTree = "<group>"; };
		F9B02BA025A75C970098F91E /* Region.swift */ = {isa = PBXFileReference; lastKnownFileType = sourcecode.swift; path = Region.swift; sourceTree = "<group>"; };
		F9B02BA525A75CA60098F91E /* FleaMarketArticle.swift */ = {isa = PBXFileReference; lastKnownFileType = sourcecode.swift; path = FleaMarketArticle.swift; sourceTree = "<group>"; };
		F9B02BAA25A761100098F91E /* UIViewController+Rx.swift */ = {isa = PBXFileReference; lastKnownFileType = sourcecode.swift; path = "UIViewController+Rx.swift"; sourceTree = "<group>"; };
		F9B02BB225A76FE10098F91E /* SelectionCell.swift */ = {isa = PBXFileReference; lastKnownFileType = sourcecode.swift; path = SelectionCell.swift; sourceTree = "<group>"; };
		F9B02BBB25A7705B0098F91E /* CategorySelectionCell.swift */ = {isa = PBXFileReference; lastKnownFileType = sourcecode.swift; path = CategorySelectionCell.swift; sourceTree = "<group>"; };
		F9B02BC725A842510098F91E /* RegionSelectionCell.swift */ = {isa = PBXFileReference; lastKnownFileType = sourcecode.swift; path = RegionSelectionCell.swift; sourceTree = "<group>"; };
		F9B02BCF25A87F650098F91E /* FreeShareButtonNode.swift */ = {isa = PBXFileReference; lastKnownFileType = sourcecode.swift; path = FreeShareButtonNode.swift; sourceTree = "<group>"; };
		F9B02C3025A8ECD20098F91E /* FleaMarketWriteFormViewControllerTests.swift */ = {isa = PBXFileReference; lastKnownFileType = sourcecode.swift; path = FleaMarketWriteFormViewControllerTests.swift; sourceTree = "<group>"; };
		F9B02C3125A8ECD20098F91E /* FleaMarketWriteFormInteractorTests.swift */ = {isa = PBXFileReference; lastKnownFileType = sourcecode.swift; path = FleaMarketWriteFormInteractorTests.swift; sourceTree = "<group>"; };
		F9B02C3225A8ECD20098F91E /* FleaMarketWriteFormWorkerTests.swift */ = {isa = PBXFileReference; lastKnownFileType = sourcecode.swift; path = FleaMarketWriteFormWorkerTests.swift; sourceTree = "<group>"; };
		F9B02C3325A8ECD20098F91E /* FleaMarketWriteFormPresenterTests.swift */ = {isa = PBXFileReference; lastKnownFileType = sourcecode.swift; path = FleaMarketWriteFormPresenterTests.swift; sourceTree = "<group>"; };
		F9B02C4825AA12FD0098F91E /* Seeds.swift */ = {isa = PBXFileReference; lastKnownFileType = sourcecode.swift; path = Seeds.swift; sourceTree = "<group>"; };
		F9B02C5025AA41090098F91E /* Text.swift */ = {isa = PBXFileReference; lastKnownFileType = sourcecode.swift; path = Text.swift; sourceTree = "<group>"; };
		F9E7DABE25A5A990007788AC /* Karrot_clone.app */ = {isa = PBXFileReference; explicitFileType = wrapper.application; includeInIndex = 0; path = Karrot_clone.app; sourceTree = BUILT_PRODUCTS_DIR; };
		F9E7DAC125A5A990007788AC /* AppDelegate.swift */ = {isa = PBXFileReference; lastKnownFileType = sourcecode.swift; path = AppDelegate.swift; sourceTree = "<group>"; };
		F9E7DACA25A5A991007788AC /* Image.xcassets */ = {isa = PBXFileReference; lastKnownFileType = folder.assetcatalog; path = Image.xcassets; sourceTree = "<group>"; };
		F9E7DACD25A5A991007788AC /* Base */ = {isa = PBXFileReference; lastKnownFileType = file.storyboard; name = Base; path = Base.lproj/LaunchScreen.storyboard; sourceTree = "<group>"; };
		F9E7DACF25A5A991007788AC /* Info.plist */ = {isa = PBXFileReference; lastKnownFileType = text.plist.xml; path = Info.plist; sourceTree = "<group>"; };
		F9E7DAD425A5A991007788AC /* Karrot_cloneTests.xctest */ = {isa = PBXFileReference; explicitFileType = wrapper.cfbundle; includeInIndex = 0; path = Karrot_cloneTests.xctest; sourceTree = BUILT_PRODUCTS_DIR; };
		F9E7DAD825A5A991007788AC /* Karrot_cloneTests.swift */ = {isa = PBXFileReference; lastKnownFileType = sourcecode.swift; path = Karrot_cloneTests.swift; sourceTree = "<group>"; };
		F9E7DADA25A5A991007788AC /* Info.plist */ = {isa = PBXFileReference; lastKnownFileType = text.plist.xml; path = Info.plist; sourceTree = "<group>"; };
		F9E7DADF25A5A991007788AC /* Karrot_cloneUITests.xctest */ = {isa = PBXFileReference; explicitFileType = wrapper.cfbundle; includeInIndex = 0; path = Karrot_cloneUITests.xctest; sourceTree = BUILT_PRODUCTS_DIR; };
		F9E7DAE325A5A991007788AC /* Karrot_cloneUITests.swift */ = {isa = PBXFileReference; lastKnownFileType = sourcecode.swift; path = Karrot_cloneUITests.swift; sourceTree = "<group>"; };
		F9E7DAE525A5A991007788AC /* Info.plist */ = {isa = PBXFileReference; lastKnownFileType = text.plist.xml; path = Info.plist; sourceTree = "<group>"; };
		F9E7DAF825A5AC19007788AC /* PINCache.framework */ = {isa = PBXFileReference; lastKnownFileType = wrapper.framework; name = PINCache.framework; path = Carthage/Build/iOS/PINCache.framework; sourceTree = "<group>"; };
		F9E7DAF925A5AC19007788AC /* AsyncDisplayKit.framework */ = {isa = PBXFileReference; lastKnownFileType = wrapper.framework; name = AsyncDisplayKit.framework; path = Carthage/Build/iOS/AsyncDisplayKit.framework; sourceTree = "<group>"; };
		F9E7DAFA25A5AC19007788AC /* PINRemoteImage.framework */ = {isa = PBXFileReference; lastKnownFileType = wrapper.framework; name = PINRemoteImage.framework; path = Carthage/Build/iOS/PINRemoteImage.framework; sourceTree = "<group>"; };
		F9E7DAFB25A5AC19007788AC /* PINOperation.framework */ = {isa = PBXFileReference; lastKnownFileType = wrapper.framework; name = PINOperation.framework; path = Carthage/Build/iOS/PINOperation.framework; sourceTree = "<group>"; };
		F9E7DB5725A5B09A007788AC /* Logging.swift */ = {isa = PBXFileReference; lastKnownFileType = sourcecode.swift; path = Logging.swift; sourceTree = "<group>"; };
		F9E7DB6B25A5B103007788AC /* BaseASViewController.swift */ = {isa = PBXFileReference; lastKnownFileType = sourcecode.swift; path = BaseASViewController.swift; sourceTree = "<group>"; };
		F9E7DB7025A5B110007788AC /* BaseASTabBarController.swift */ = {isa = PBXFileReference; lastKnownFileType = sourcecode.swift; path = BaseASTabBarController.swift; sourceTree = "<group>"; };
		F9E7DB7525A5B116007788AC /* BaseASNavigationController.swift */ = {isa = PBXFileReference; lastKnownFileType = sourcecode.swift; path = BaseASNavigationController.swift; sourceTree = "<group>"; };
		F9E7DB7A25A5B11C007788AC /* BaseInteractor.swift */ = {isa = PBXFileReference; lastKnownFileType = sourcecode.swift; path = BaseInteractor.swift; sourceTree = "<group>"; };
		F9E7DB7F25A5B121007788AC /* BaseNode.swift */ = {isa = PBXFileReference; lastKnownFileType = sourcecode.swift; path = BaseNode.swift; sourceTree = "<group>"; };
		F9E7DB8425A5B125007788AC /* BasePresenter.swift */ = {isa = PBXFileReference; lastKnownFileType = sourcecode.swift; path = BasePresenter.swift; sourceTree = "<group>"; };
		F9E7DB8925A5B12A007788AC /* BaseRouter.swift */ = {isa = PBXFileReference; lastKnownFileType = sourcecode.swift; path = BaseRouter.swift; sourceTree = "<group>"; };
		F9E7DB8E25A5B132007788AC /* BaseWorker.swift */ = {isa = PBXFileReference; lastKnownFileType = sourcecode.swift; path = BaseWorker.swift; sourceTree = "<group>"; };
		F9E7DB9325A5B139007788AC /* BaseCellNode.swift */ = {isa = PBXFileReference; lastKnownFileType = sourcecode.swift; path = BaseCellNode.swift; sourceTree = "<group>"; };
		F9E7DB9B25A5B200007788AC /* AppDelegate+Injection.swift */ = {isa = PBXFileReference; lastKnownFileType = sourcecode.swift; path = "AppDelegate+Injection.swift"; sourceTree = "<group>"; };
		F9E7DBCA25A5B615007788AC /* FeedPresenter.swift */ = {isa = PBXFileReference; lastKnownFileType = sourcecode.swift; path = FeedPresenter.swift; sourceTree = "<group>"; };
		F9E7DBCB25A5B615007788AC /* FeedWorker.swift */ = {isa = PBXFileReference; lastKnownFileType = sourcecode.swift; path = FeedWorker.swift; sourceTree = "<group>"; };
		F9E7DBCC25A5B615007788AC /* FeedRouter.swift */ = {isa = PBXFileReference; lastKnownFileType = sourcecode.swift; path = FeedRouter.swift; sourceTree = "<group>"; };
		F9E7DBCD25A5B615007788AC /* FeedModels.swift */ = {isa = PBXFileReference; lastKnownFileType = sourcecode.swift; path = FeedModels.swift; sourceTree = "<group>"; };
		F9E7DBCE25A5B615007788AC /* FeedViewController.swift */ = {isa = PBXFileReference; lastKnownFileType = sourcecode.swift; path = FeedViewController.swift; sourceTree = "<group>"; };
		F9E7DBCF25A5B615007788AC /* FeedInteractor.swift */ = {isa = PBXFileReference; lastKnownFileType = sourcecode.swift; path = FeedInteractor.swift; sourceTree = "<group>"; };
		F9E7DBE425A5B906007788AC /* UIViewController+.swift */ = {isa = PBXFileReference; lastKnownFileType = sourcecode.swift; path = "UIViewController+.swift"; sourceTree = "<group>"; };
		F9E7DBEE25A5BDA7007788AC /* ASControlTarget.swift */ = {isa = PBXFileReference; lastKnownFileType = sourcecode.swift; path = ASControlTarget.swift; sourceTree = "<group>"; };
		F9E7DBF325A5BDC8007788AC /* ASRxTarget.swift */ = {isa = PBXFileReference; lastKnownFileType = sourcecode.swift; path = ASRxTarget.swift; sourceTree = "<group>"; };
		F9E7DBF825A5BE66007788AC /* ASButtonNode+Rx.swift */ = {isa = PBXFileReference; lastKnownFileType = sourcecode.swift; path = "ASButtonNode+Rx.swift"; sourceTree = "<group>"; };
		F9E7DC0025A5BECB007788AC /* ASControlNode.swift */ = {isa = PBXFileReference; lastKnownFileType = sourcecode.swift; path = ASControlNode.swift; sourceTree = "<group>"; };
		F9E7DC1325A5F842007788AC /* FleaMarketWriteFormPresenter.swift */ = {isa = PBXFileReference; lastKnownFileType = sourcecode.swift; path = FleaMarketWriteFormPresenter.swift; sourceTree = "<group>"; };
		F9E7DC1425A5F842007788AC /* FleaMarketWriteFormWorker.swift */ = {isa = PBXFileReference; lastKnownFileType = sourcecode.swift; path = FleaMarketWriteFormWorker.swift; sourceTree = "<group>"; };
		F9E7DC1525A5F842007788AC /* FleaMarketWriteFormRouter.swift */ = {isa = PBXFileReference; lastKnownFileType = sourcecode.swift; path = FleaMarketWriteFormRouter.swift; sourceTree = "<group>"; };
		F9E7DC1625A5F842007788AC /* FleaMarketWriteFormModels.swift */ = {isa = PBXFileReference; lastKnownFileType = sourcecode.swift; path = FleaMarketWriteFormModels.swift; sourceTree = "<group>"; };
		F9E7DC1725A5F842007788AC /* FleaMarketWriteFormViewController.swift */ = {isa = PBXFileReference; lastKnownFileType = sourcecode.swift; path = FleaMarketWriteFormViewController.swift; sourceTree = "<group>"; };
		F9E7DC1825A5F842007788AC /* FleaMarketWriteFormInteractor.swift */ = {isa = PBXFileReference; lastKnownFileType = sourcecode.swift; path = FleaMarketWriteFormInteractor.swift; sourceTree = "<group>"; };
		F9E7DC2625A5FAAC007788AC /* Image.swift */ = {isa = PBXFileReference; lastKnownFileType = sourcecode.swift; path = Image.swift; sourceTree = "<group>"; };
		F9E7DC2B25A5FC00007788AC /* UIView+.swift */ = {isa = PBXFileReference; lastKnownFileType = sourcecode.swift; path = "UIView+.swift"; sourceTree = "<group>"; };
		F9E7DC3425A5FF78007788AC /* FleaMarketSelectionCell.swift */ = {isa = PBXFileReference; lastKnownFileType = sourcecode.swift; path = FleaMarketSelectionCell.swift; sourceTree = "<group>"; };
		F9E7DC3C25A5FFD7007788AC /* FleaMarketPriceInputCell.swift */ = {isa = PBXFileReference; lastKnownFileType = sourcecode.swift; path = FleaMarketPriceInputCell.swift; sourceTree = "<group>"; };
		F9E7DC4125A5FFE7007788AC /* FleaMarketContentFieldCell.swift */ = {isa = PBXFileReference; lastKnownFileType = sourcecode.swift; path = FleaMarketContentFieldCell.swift; sourceTree = "<group>"; };
		F9E7DC4725A60265007788AC /* TextFieldNode.swift */ = {isa = PBXFileReference; lastKnownFileType = sourcecode.swift; path = TextFieldNode.swift; sourceTree = "<group>"; };
		F9E7DC5025A60B6B007788AC /* FleaMarketCellKind.swift */ = {isa = PBXFileReference; lastKnownFileType = sourcecode.swift; path = FleaMarketCellKind.swift; sourceTree = "<group>"; };
/* End PBXFileReference section */

/* Begin PBXFrameworksBuildPhase section */
		F9E7DABB25A5A990007788AC /* Frameworks */ = {
			isa = PBXFrameworksBuildPhase;
			buildActionMask = 2147483647;
			files = (
				F9E7DB1D25A5ADB0007788AC /* Resolver in Frameworks */,
				F9E7DB0D25A5AD80007788AC /* RxRelay in Frameworks */,
				F9E7DAFC25A5AC19007788AC /* PINCache.framework in Frameworks */,
				F9E7DAFD25A5AC19007788AC /* AsyncDisplayKit.framework in Frameworks */,
				F9E7DB1725A5AD98007788AC /* Then in Frameworks */,
				F9E7DB0F25A5AD80007788AC /* RxCocoa in Frameworks */,
				F9E7DB0925A5AD80007788AC /* RxSwift in Frameworks */,
				F9E7DAFE25A5AC19007788AC /* PINRemoteImage.framework in Frameworks */,
				F9E7DAFF25A5AC19007788AC /* PINOperation.framework in Frameworks */,
			);
			runOnlyForDeploymentPostprocessing = 0;
		};
		F9E7DAD125A5A991007788AC /* Frameworks */ = {
			isa = PBXFrameworksBuildPhase;
			buildActionMask = 2147483647;
			files = (
				F9B02C4025A982800098F91E /* Nimble in Frameworks */,
			);
			runOnlyForDeploymentPostprocessing = 0;
		};
		F9E7DADC25A5A991007788AC /* Frameworks */ = {
			isa = PBXFrameworksBuildPhase;
			buildActionMask = 2147483647;
			files = (
			);
			runOnlyForDeploymentPostprocessing = 0;
		};
/* End PBXFrameworksBuildPhase section */

/* Begin PBXGroup section */
		F92B8D3D25AAE32E000D62F4 /* Category */ = {
			isa = PBXGroup;
			children = (
				F92B8D5325AAE365000D62F4 /* CategoryViewControllerTests.swift */,
				F92B8D5425AAE365000D62F4 /* CategoryInteractorTests.swift */,
				F92B8D5625AAE365000D62F4 /* CategoryPresenterTests.swift */,
				F92B8D5525AAE365000D62F4 /* CategoryWorkerTests.swift */,
			);
			path = Category;
			sourceTree = "<group>";
		};
		F92B8D6125AB6DCF000D62F4 /* Region */ = {
			isa = PBXGroup;
			children = (
				F92B8D6225AB6DDD000D62F4 /* RegionViewControllerTests.swift */,
				F92B8D6325AB6DDD000D62F4 /* RegionInteractorTests.swift */,
				F92B8D6425AB6DDD000D62F4 /* RegionWorkerTests.swift */,
				F92B8D6525AB6DDD000D62F4 /* RegionPresenterTests.swift */,
			);
			path = Region;
			sourceTree = "<group>";
		};
		F9A7A5E025A6BA01004CFA9E /* RxKeyboard */ = {
			isa = PBXGroup;
			children = (
				F9A7A5E125A6BA0B004CFA9E /* RxKeyboard.swift */,
			);
			path = RxKeyboard;
			sourceTree = "<group>";
		};
		F9A7A62525A6D410004CFA9E /* Texture */ = {
			isa = PBXGroup;
			children = (
				F9A7A62625A6D41E004CFA9E /* ASEditableTextNode.swift */,
			);
			path = Texture;
			sourceTree = "<group>";
		};
		F9A7A62E25A6D516004CFA9E /* Reactive */ = {
			isa = PBXGroup;
			children = (
				F9A7A62F25A6D524004CFA9E /* ObservableType+.swift */,
			);
			path = Reactive;
			sourceTree = "<group>";
		};
		F9B02B6E25A747560098F91E /* Category */ = {
			isa = PBXGroup;
			children = (
				F9B02B7325A747630098F91E /* CategoryViewController.swift */,
				F9B02B7425A747630098F91E /* CategoryInteractor.swift */,
				F9B02B6F25A747630098F91E /* CategoryPresenter.swift */,
				F9B02B7025A747630098F91E /* CategoryWorker.swift */,
				F9B02B7125A747630098F91E /* CategoryRouter.swift */,
				F9B02B7225A747630098F91E /* CategoryModels.swift */,
				F9B02BBA25A770540098F91E /* Nodes */,
			);
			path = Category;
			sourceTree = "<group>";
		};
		F9B02B8425A7508B0098F91E /* Region */ = {
			isa = PBXGroup;
			children = (
				F9B02B8925A750AC0098F91E /* RegionViewController.swift */,
				F9B02B8A25A750AC0098F91E /* RegionInteractor.swift */,
				F9B02B8525A750AC0098F91E /* RegionPresenter.swift */,
				F9B02B8625A750AC0098F91E /* RegionWorker.swift */,
				F9B02B8725A750AC0098F91E /* RegionRouter.swift */,
				F9B02B8825A750AC0098F91E /* RegionModels.swift */,
				F9B02BC625A842480098F91E /* Nodes */,
			);
			path = Region;
			sourceTree = "<group>";
		};
		F9B02B9725A75C580098F91E /* UseCases */ = {
			isa = PBXGroup;
			children = (
				F9B02B9825A75C8A0098F91E /* ArticleCategory.swift */,
				F9B02BA025A75C970098F91E /* Region.swift */,
				F9B02BA525A75CA60098F91E /* FleaMarketArticle.swift */,
			);
			path = UseCases;
			sourceTree = "<group>";
		};
		F9B02BBA25A770540098F91E /* Nodes */ = {
			isa = PBXGroup;
			children = (
				F9B02BBB25A7705B0098F91E /* CategorySelectionCell.swift */,
			);
			path = Nodes;
			sourceTree = "<group>";
		};
		F9B02BC625A842480098F91E /* Nodes */ = {
			isa = PBXGroup;
			children = (
				F9B02BC725A842510098F91E /* RegionSelectionCell.swift */,
			);
			path = Nodes;
			sourceTree = "<group>";
		};
		F9B02BD725A8DAC00098F91E /* Sources */ = {
			isa = PBXGroup;
			children = (
				F9B02BD825A8DAC70098F91E /* Scenes */,
			);
			path = Sources;
			sourceTree = "<group>";
		};
		F9B02BD825A8DAC70098F91E /* Scenes */ = {
			isa = PBXGroup;
			children = (
				F9B02C2F25A8ECB30098F91E /* FleaMarketWriteForm */,
				F92B8D3D25AAE32E000D62F4 /* Category */,
				F92B8D6125AB6DCF000D62F4 /* Region */,
			);
			path = Scenes;
			sourceTree = "<group>";
		};
		F9B02C2F25A8ECB30098F91E /* FleaMarketWriteForm */ = {
			isa = PBXGroup;
			children = (
				F9B02C3025A8ECD20098F91E /* FleaMarketWriteFormViewControllerTests.swift */,
				F9B02C3125A8ECD20098F91E /* FleaMarketWriteFormInteractorTests.swift */,
				F9B02C3325A8ECD20098F91E /* FleaMarketWriteFormPresenterTests.swift */,
				F9B02C3225A8ECD20098F91E /* FleaMarketWriteFormWorkerTests.swift */,
			);
			path = FleaMarketWriteForm;
			sourceTree = "<group>";
		};
		F9B02C4725AA12ED0098F91E /* Resources */ = {
			isa = PBXGroup;
			children = (
				F9B02C4825AA12FD0098F91E /* Seeds.swift */,
			);
			path = Resources;
			sourceTree = "<group>";
		};
		F9E7DAB525A5A990007788AC = {
			isa = PBXGroup;
			children = (
				F9E7DAC025A5A990007788AC /* Karrot_clone */,
				F9E7DAD725A5A991007788AC /* Karrot_cloneTests */,
				F9E7DAE225A5A991007788AC /* Karrot_cloneUITests */,
				F9E7DABF25A5A990007788AC /* Products */,
				F9E7DAF725A5AC19007788AC /* Frameworks */,
			);
			sourceTree = "<group>";
		};
		F9E7DABF25A5A990007788AC /* Products */ = {
			isa = PBXGroup;
			children = (
				F9E7DABE25A5A990007788AC /* Karrot_clone.app */,
				F9E7DAD425A5A991007788AC /* Karrot_cloneTests.xctest */,
				F9E7DADF25A5A991007788AC /* Karrot_cloneUITests.xctest */,
			);
			name = Products;
			sourceTree = "<group>";
		};
		F9E7DAC025A5A990007788AC /* Karrot_clone */ = {
			isa = PBXGroup;
			children = (
				F9E7DB2625A5AEB5007788AC /* Sources */,
				F9E7DB2525A5AEB3007788AC /* Resources */,
				F9E7DB2425A5AEB0007788AC /* Supportings */,
			);
			path = Karrot_clone;
			sourceTree = "<group>";
		};
		F9E7DAD725A5A991007788AC /* Karrot_cloneTests */ = {
			isa = PBXGroup;
			children = (
				F9B02BD725A8DAC00098F91E /* Sources */,
				F9B02C4725AA12ED0098F91E /* Resources */,
				F9E7DAD825A5A991007788AC /* Karrot_cloneTests.swift */,
				F9E7DADA25A5A991007788AC /* Info.plist */,
			);
			path = Karrot_cloneTests;
			sourceTree = "<group>";
		};
		F9E7DAE225A5A991007788AC /* Karrot_cloneUITests */ = {
			isa = PBXGroup;
			children = (
				F9E7DAE325A5A991007788AC /* Karrot_cloneUITests.swift */,
				F9E7DAE525A5A991007788AC /* Info.plist */,
			);
			path = Karrot_cloneUITests;
			sourceTree = "<group>";
		};
		F9E7DAF725A5AC19007788AC /* Frameworks */ = {
			isa = PBXGroup;
			children = (
				F9E7DAF925A5AC19007788AC /* AsyncDisplayKit.framework */,
				F9E7DAF825A5AC19007788AC /* PINCache.framework */,
				F9E7DAFB25A5AC19007788AC /* PINOperation.framework */,
				F9E7DAFA25A5AC19007788AC /* PINRemoteImage.framework */,
			);
			name = Frameworks;
			sourceTree = "<group>";
		};
		F9E7DB2425A5AEB0007788AC /* Supportings */ = {
			isa = PBXGroup;
			children = (
				F9E7DB2E25A5AEDC007788AC /* plists */,
			);
			path = Supportings;
			sourceTree = "<group>";
		};
		F9E7DB2525A5AEB3007788AC /* Resources */ = {
			isa = PBXGroup;
			children = (
				F9E7DB3325A5AEF0007788AC /* Assets */,
				F9E7DB2F25A5AEE6007788AC /* Storyboards */,
			);
			path = Resources;
			sourceTree = "<group>";
		};
		F9E7DB2625A5AEB5007788AC /* Sources */ = {
			isa = PBXGroup;
			children = (
				F9E7DB2725A5AEC9007788AC /* Application */,
				F9E7DB3425A5AF0A007788AC /* Scenes */,
				F9E7DB4B25A5AF7D007788AC /* Workers */,
				F9B02B9725A75C580098F91E /* UseCases */,
				F9E7DB4C25A5AF84007788AC /* Common */,
			);
			path = Sources;
			sourceTree = "<group>";
		};
		F9E7DB2725A5AEC9007788AC /* Application */ = {
			isa = PBXGroup;
			children = (
				F9E7DAC125A5A990007788AC /* AppDelegate.swift */,
				F9E7DB9B25A5B200007788AC /* AppDelegate+Injection.swift */,
			);
			path = Application;
			sourceTree = "<group>";
		};
		F9E7DB2E25A5AEDC007788AC /* plists */ = {
			isa = PBXGroup;
			children = (
				F9E7DACF25A5A991007788AC /* Info.plist */,
			);
			path = plists;
			sourceTree = "<group>";
		};
		F9E7DB2F25A5AEE6007788AC /* Storyboards */ = {
			isa = PBXGroup;
			children = (
				F9E7DACC25A5A991007788AC /* LaunchScreen.storyboard */,
			);
			path = Storyboards;
			sourceTree = "<group>";
		};
		F9E7DB3325A5AEF0007788AC /* Assets */ = {
			isa = PBXGroup;
			children = (
				F9E7DACA25A5A991007788AC /* Image.xcassets */,
			);
			path = Assets;
			sourceTree = "<group>";
		};
		F9E7DB3425A5AF0A007788AC /* Scenes */ = {
			isa = PBXGroup;
			children = (
				F9B02B3625A734AA0098F91E /* Scene.swift */,
				F9E7DBC925A5B606007788AC /* Feed */,
				F9E7DC0725A5F7E4007788AC /* FleaMarketWriteForm */,
				F9B02B6E25A747560098F91E /* Category */,
				F9B02B8425A7508B0098F91E /* Region */,
			);
			path = Scenes;
			sourceTree = "<group>";
		};
		F9E7DB4B25A5AF7D007788AC /* Workers */ = {
			isa = PBXGroup;
			children = (
			);
			path = Workers;
			sourceTree = "<group>";
		};
		F9E7DB4C25A5AF84007788AC /* Common */ = {
			isa = PBXGroup;
			children = (
				F9E7DC4625A6025D007788AC /* Components */,
				F9E7DB5325A5AFBA007788AC /* Constants */,
				F9E7DB5225A5AFB7007788AC /* Bases */,
				F9E7DB5125A5AFB2007788AC /* Utils */,
				F9E7DB5025A5AFAC007788AC /* Extensions */,
			);
			path = Common;
			sourceTree = "<group>";
		};
		F9E7DB5025A5AFAC007788AC /* Extensions */ = {
			isa = PBXGroup;
			children = (
				F9A7A62E25A6D516004CFA9E /* Reactive */,
				F9A7A62525A6D410004CFA9E /* Texture */,
				F9E7DBE325A5B8FF007788AC /* UIKit */,
				F9E7DB5F25A5B0AE007788AC /* Foundation */,
			);
			path = Extensions;
			sourceTree = "<group>";
		};
		F9E7DB5125A5AFB2007788AC /* Utils */ = {
			isa = PBXGroup;
			children = (
				F9A7A5E025A6BA01004CFA9E /* RxKeyboard */,
				F9E7DBEC25A5BD91007788AC /* RxTexture */,
				F9E7DBED25A5BD9A007788AC /* Logging */,
			);
			path = Utils;
			sourceTree = "<group>";
		};
		F9E7DB5225A5AFB7007788AC /* Bases */ = {
			isa = PBXGroup;
			children = (
				F9E7DB6B25A5B103007788AC /* BaseASViewController.swift */,
				F9E7DB7025A5B110007788AC /* BaseASTabBarController.swift */,
				F9E7DB7525A5B116007788AC /* BaseASNavigationController.swift */,
				F9E7DB7A25A5B11C007788AC /* BaseInteractor.swift */,
				F9E7DB7F25A5B121007788AC /* BaseNode.swift */,
				F9E7DB8425A5B125007788AC /* BasePresenter.swift */,
				F9E7DB8925A5B12A007788AC /* BaseRouter.swift */,
				F9E7DB8E25A5B132007788AC /* BaseWorker.swift */,
				F9E7DB9325A5B139007788AC /* BaseCellNode.swift */,
				F9A7A5D725A61399004CFA9E /* BaseTableNode.swift */,
			);
			path = Bases;
			sourceTree = "<group>";
		};
		F9E7DB5325A5AFBA007788AC /* Constants */ = {
			isa = PBXGroup;
			children = (
				F9E7DC2625A5FAAC007788AC /* Image.swift */,
				F9A7A5E925A6BCD4004CFA9E /* Device.swift */,
				F9B02C5025AA41090098F91E /* Text.swift */,
			);
			path = Constants;
			sourceTree = "<group>";
		};
		F9E7DB5F25A5B0AE007788AC /* Foundation */ = {
			isa = PBXGroup;
			children = (
			);
			path = Foundation;
			sourceTree = "<group>";
		};
		F9E7DBC925A5B606007788AC /* Feed */ = {
			isa = PBXGroup;
			children = (
				F9E7DBCE25A5B615007788AC /* FeedViewController.swift */,
				F9E7DBCF25A5B615007788AC /* FeedInteractor.swift */,
				F9E7DBCA25A5B615007788AC /* FeedPresenter.swift */,
				F9E7DBCB25A5B615007788AC /* FeedWorker.swift */,
				F9E7DBCC25A5B615007788AC /* FeedRouter.swift */,
				F9E7DBCD25A5B615007788AC /* FeedModels.swift */,
			);
			path = Feed;
			sourceTree = "<group>";
		};
		F9E7DBE325A5B8FF007788AC /* UIKit */ = {
			isa = PBXGroup;
			children = (
				F9E7DBE425A5B906007788AC /* UIViewController+.swift */,
				F9E7DC2B25A5FC00007788AC /* UIView+.swift */,
				F9A7A62025A6C362004CFA9E /* UIApplication+.swift */,
				F9B02BAA25A761100098F91E /* UIViewController+Rx.swift */,
			);
			path = UIKit;
			sourceTree = "<group>";
		};
		F9E7DBEC25A5BD91007788AC /* RxTexture */ = {
			isa = PBXGroup;
			children = (
				F9E7DBEE25A5BDA7007788AC /* ASControlTarget.swift */,
				F9E7DBF325A5BDC8007788AC /* ASRxTarget.swift */,
				F9E7DBF825A5BE66007788AC /* ASButtonNode+Rx.swift */,
				F9E7DC0025A5BECB007788AC /* ASControlNode.swift */,
			);
			path = RxTexture;
			sourceTree = "<group>";
		};
		F9E7DBED25A5BD9A007788AC /* Logging */ = {
			isa = PBXGroup;
			children = (
				F9E7DB5725A5B09A007788AC /* Logging.swift */,
			);
			path = Logging;
			sourceTree = "<group>";
		};
		F9E7DC0725A5F7E4007788AC /* FleaMarketWriteForm */ = {
			isa = PBXGroup;
			children = (
				F9E7DC1725A5F842007788AC /* FleaMarketWriteFormViewController.swift */,
				F9E7DC1825A5F842007788AC /* FleaMarketWriteFormInteractor.swift */,
				F9E7DC1325A5F842007788AC /* FleaMarketWriteFormPresenter.swift */,
				F9E7DC1425A5F842007788AC /* FleaMarketWriteFormWorker.swift */,
				F9E7DC1525A5F842007788AC /* FleaMarketWriteFormRouter.swift */,
				F9E7DC1625A5F842007788AC /* FleaMarketWriteFormModels.swift */,
				F9E7DC3325A5FF65007788AC /* Nodes */,
				F9E7DC4F25A60B50007788AC /* Helpers */,
			);
			path = FleaMarketWriteForm;
			sourceTree = "<group>";
		};
		F9E7DC3325A5FF65007788AC /* Nodes */ = {
			isa = PBXGroup;
			children = (
				F9E7DC3425A5FF78007788AC /* FleaMarketSelectionCell.swift */,
				F9E7DC3C25A5FFD7007788AC /* FleaMarketPriceInputCell.swift */,
				F9E7DC4125A5FFE7007788AC /* FleaMarketContentFieldCell.swift */,
				F9B02BCF25A87F650098F91E /* FreeShareButtonNode.swift */,
			);
			path = Nodes;
			sourceTree = "<group>";
		};
		F9E7DC4625A6025D007788AC /* Components */ = {
			isa = PBXGroup;
			children = (
				F9E7DC4725A60265007788AC /* TextFieldNode.swift */,
				F9B02BB225A76FE10098F91E /* SelectionCell.swift */,
			);
			path = Components;
			sourceTree = "<group>";
		};
		F9E7DC4F25A60B50007788AC /* Helpers */ = {
			isa = PBXGroup;
			children = (
				F9E7DC5025A60B6B007788AC /* FleaMarketCellKind.swift */,
			);
			path = Helpers;
			sourceTree = "<group>";
		};
/* End PBXGroup section */

/* Begin PBXNativeTarget section */
		F9E7DABD25A5A990007788AC /* Karrot_clone */ = {
			isa = PBXNativeTarget;
			buildConfigurationList = F9E7DAE825A5A991007788AC /* Build configuration list for PBXNativeTarget "Karrot_clone" */;
			buildPhases = (
				F9E7DABA25A5A990007788AC /* Sources */,
				F9E7DABB25A5A990007788AC /* Frameworks */,
				F9E7DABC25A5A990007788AC /* Resources */,
				F9E7DB0025A5AC2B007788AC /* Run Carthage Script */,
			);
			buildRules = (
			);
			dependencies = (
			);
			name = Karrot_clone;
			packageProductDependencies = (
				F9E7DB0825A5AD80007788AC /* RxSwift */,
				F9E7DB0C25A5AD80007788AC /* RxRelay */,
				F9E7DB0E25A5AD80007788AC /* RxCocoa */,
				F9E7DB1625A5AD98007788AC /* Then */,
				F9E7DB1C25A5ADB0007788AC /* Resolver */,
			);
			productName = Karrot_clone;
			productReference = F9E7DABE25A5A990007788AC /* Karrot_clone.app */;
			productType = "com.apple.product-type.application";
		};
		F9E7DAD325A5A991007788AC /* Karrot_cloneTests */ = {
			isa = PBXNativeTarget;
			buildConfigurationList = F9E7DAEB25A5A991007788AC /* Build configuration list for PBXNativeTarget "Karrot_cloneTests" */;
			buildPhases = (
				F9E7DAD025A5A991007788AC /* Sources */,
				F9E7DAD125A5A991007788AC /* Frameworks */,
				F9E7DAD225A5A991007788AC /* Resources */,
			);
			buildRules = (
			);
			dependencies = (
				F9E7DAD625A5A991007788AC /* PBXTargetDependency */,
			);
			name = Karrot_cloneTests;
			packageProductDependencies = (
				F9B02C3F25A982800098F91E /* Nimble */,
			);
			productName = Karrot_cloneTests;
			productReference = F9E7DAD425A5A991007788AC /* Karrot_cloneTests.xctest */;
			productType = "com.apple.product-type.bundle.unit-test";
		};
		F9E7DADE25A5A991007788AC /* Karrot_cloneUITests */ = {
			isa = PBXNativeTarget;
			buildConfigurationList = F9E7DAEE25A5A991007788AC /* Build configuration list for PBXNativeTarget "Karrot_cloneUITests" */;
			buildPhases = (
				F9E7DADB25A5A991007788AC /* Sources */,
				F9E7DADC25A5A991007788AC /* Frameworks */,
				F9E7DADD25A5A991007788AC /* Resources */,
			);
			buildRules = (
			);
			dependencies = (
				F9E7DAE125A5A991007788AC /* PBXTargetDependency */,
			);
			name = Karrot_cloneUITests;
			productName = Karrot_cloneUITests;
			productReference = F9E7DADF25A5A991007788AC /* Karrot_cloneUITests.xctest */;
			productType = "com.apple.product-type.bundle.ui-testing";
		};
/* End PBXNativeTarget section */

/* Begin PBXProject section */
		F9E7DAB625A5A990007788AC /* Project object */ = {
			isa = PBXProject;
			attributes = {
				LastSwiftUpdateCheck = 1230;
				LastUpgradeCheck = 1230;
				TargetAttributes = {
					F9E7DABD25A5A990007788AC = {
						CreatedOnToolsVersion = 12.3;
					};
					F9E7DAD325A5A991007788AC = {
						CreatedOnToolsVersion = 12.3;
						TestTargetID = F9E7DABD25A5A990007788AC;
					};
					F9E7DADE25A5A991007788AC = {
						CreatedOnToolsVersion = 12.3;
						TestTargetID = F9E7DABD25A5A990007788AC;
					};
				};
			};
			buildConfigurationList = F9E7DAB925A5A990007788AC /* Build configuration list for PBXProject "Karrot_clone" */;
			compatibilityVersion = "Xcode 9.3";
			developmentRegion = en;
			hasScannedForEncodings = 0;
			knownRegions = (
				en,
				Base,
			);
			mainGroup = F9E7DAB525A5A990007788AC;
			packageReferences = (
				F9E7DB0725A5AD80007788AC /* XCRemoteSwiftPackageReference "RxSwift" */,
				F9E7DB1525A5AD98007788AC /* XCRemoteSwiftPackageReference "Then" */,
				F9E7DB1B25A5ADB0007788AC /* XCRemoteSwiftPackageReference "Resolver" */,
				F9B02C3E25A982800098F91E /* XCRemoteSwiftPackageReference "Nimble" */,
			);
			productRefGroup = F9E7DABF25A5A990007788AC /* Products */;
			projectDirPath = "";
			projectRoot = "";
			targets = (
				F9E7DABD25A5A990007788AC /* Karrot_clone */,
				F9E7DAD325A5A991007788AC /* Karrot_cloneTests */,
				F9E7DADE25A5A991007788AC /* Karrot_cloneUITests */,
			);
		};
/* End PBXProject section */

/* Begin PBXResourcesBuildPhase section */
		F9E7DABC25A5A990007788AC /* Resources */ = {
			isa = PBXResourcesBuildPhase;
			buildActionMask = 2147483647;
			files = (
				F9E7DACE25A5A991007788AC /* LaunchScreen.storyboard in Resources */,
				F9E7DACB25A5A991007788AC /* Image.xcassets in Resources */,
			);
			runOnlyForDeploymentPostprocessing = 0;
		};
		F9E7DAD225A5A991007788AC /* Resources */ = {
			isa = PBXResourcesBuildPhase;
			buildActionMask = 2147483647;
			files = (
			);
			runOnlyForDeploymentPostprocessing = 0;
		};
		F9E7DADD25A5A991007788AC /* Resources */ = {
			isa = PBXResourcesBuildPhase;
			buildActionMask = 2147483647;
			files = (
			);
			runOnlyForDeploymentPostprocessing = 0;
		};
/* End PBXResourcesBuildPhase section */

/* Begin PBXShellScriptBuildPhase section */
		F9E7DB0025A5AC2B007788AC /* Run Carthage Script */ = {
			isa = PBXShellScriptBuildPhase;
			buildActionMask = 2147483647;
			files = (
			);
			inputFileListPaths = (
			);
			inputPaths = (
				"$(SRCROOT)/Carthage/Build/iOS/AsyncDisplayKit.framework",
				"$(SRCROOT)/Carthage/Build/iOS/PINCache.framework",
				"$(SRCROOT)/Carthage/Build/iOS/PINOperation.framework",
				"$(SRCROOT)/Carthage/Build/iOS/PINRemoteImage.framework",
			);
			name = "Run Carthage Script";
			outputFileListPaths = (
			);
			outputPaths = (
			);
			runOnlyForDeploymentPostprocessing = 0;
			shellPath = /bin/sh;
			shellScript = "/usr/local/bin/carthage copy-frameworks\n";
		};
/* End PBXShellScriptBuildPhase section */

/* Begin PBXSourcesBuildPhase section */
		F9E7DABA25A5A990007788AC /* Sources */ = {
			isa = PBXSourcesBuildPhase;
			buildActionMask = 2147483647;
			files = (
				F9E7DBD425A5B615007788AC /* FeedViewController.swift in Sources */,
				F9E7DC2725A5FAAC007788AC /* Image.swift in Sources */,
				F9A7A62725A6D41E004CFA9E /* ASEditableTextNode.swift in Sources */,
				F9A7A5E225A6BA0B004CFA9E /* RxKeyboard.swift in Sources */,
				F9E7DB9C25A5B200007788AC /* AppDelegate+Injection.swift in Sources */,
				F9A7A5D825A61399004CFA9E /* BaseTableNode.swift in Sources */,
				F9A7A63025A6D524004CFA9E /* ObservableType+.swift in Sources */,
				F9E7DBD125A5B615007788AC /* FeedWorker.swift in Sources */,
				F9E7DC2C25A5FC00007788AC /* UIView+.swift in Sources */,
				F9E7DAC225A5A990007788AC /* AppDelegate.swift in Sources */,
				F9B02C5125AA41090098F91E /* Text.swift in Sources */,
				F9B02B8D25A750AC0098F91E /* RegionRouter.swift in Sources */,
				F9E7DBD225A5B615007788AC /* FeedRouter.swift in Sources */,
				F9E7DC1C25A5F842007788AC /* FleaMarketWriteFormModels.swift in Sources */,
				F9E7DBD325A5B615007788AC /* FeedModels.swift in Sources */,
				F9B02B7825A747630098F91E /* CategoryModels.swift in Sources */,
				F9B02B7925A747630098F91E /* CategoryViewController.swift in Sources */,
				F9B02BA625A75CA60098F91E /* FleaMarketArticle.swift in Sources */,
				F9B02BA125A75C970098F91E /* Region.swift in Sources */,
				F9E7DB8A25A5B12A007788AC /* BaseRouter.swift in Sources */,
				F9E7DB8525A5B125007788AC /* BasePresenter.swift in Sources */,
				F9B02B8F25A750AC0098F91E /* RegionViewController.swift in Sources */,
				F9E7DB7625A5B116007788AC /* BaseASNavigationController.swift in Sources */,
				F9B02B8C25A750AC0098F91E /* RegionWorker.swift in Sources */,
				F9A7A62125A6C362004CFA9E /* UIApplication+.swift in Sources */,
				F9E7DB5825A5B09A007788AC /* Logging.swift in Sources */,
				F9B02B7A25A747630098F91E /* CategoryInteractor.swift in Sources */,
				F9E7DB7125A5B110007788AC /* BaseASTabBarController.swift in Sources */,
				F9B02B8E25A750AC0098F91E /* RegionModels.swift in Sources */,
				F9E7DC1D25A5F842007788AC /* FleaMarketWriteFormViewController.swift in Sources */,
				F9E7DB9425A5B139007788AC /* BaseCellNode.swift in Sources */,
				F9E7DC1E25A5F842007788AC /* FleaMarketWriteFormInteractor.swift in Sources */,
				F9E7DBD525A5B615007788AC /* FeedInteractor.swift in Sources */,
				F9E7DB8F25A5B132007788AC /* BaseWorker.swift in Sources */,
				F9E7DC1925A5F842007788AC /* FleaMarketWriteFormPresenter.swift in Sources */,
				F9E7DC3525A5FF78007788AC /* FleaMarketSelectionCell.swift in Sources */,
				F9E7DB6C25A5B103007788AC /* BaseASViewController.swift in Sources */,
				F9E7DC3D25A5FFD7007788AC /* FleaMarketPriceInputCell.swift in Sources */,
				F9B02B3725A734AA0098F91E /* Scene.swift in Sources */,
				F9B02BB325A76FE10098F91E /* SelectionCell.swift in Sources */,
				F9E7DBD025A5B615007788AC /* FeedPresenter.swift in Sources */,
				F9B02B9025A750AC0098F91E /* RegionInteractor.swift in Sources */,
				F9B02BAB25A761100098F91E /* UIViewController+Rx.swift in Sources */,
				F9E7DC1B25A5F842007788AC /* FleaMarketWriteFormRouter.swift in Sources */,
				F9B02B7525A747630098F91E /* CategoryPresenter.swift in Sources */,
				F9E7DBE525A5B906007788AC /* UIViewController+.swift in Sources */,
				F9E7DB7B25A5B11C007788AC /* BaseInteractor.swift in Sources */,
				F9B02B7625A747630098F91E /* CategoryWorker.swift in Sources */,
				F9E7DB8025A5B121007788AC /* BaseNode.swift in Sources */,
				F9E7DC1A25A5F842007788AC /* FleaMarketWriteFormWorker.swift in Sources */,
				F9E7DC5125A60B6B007788AC /* FleaMarketCellKind.swift in Sources */,
				F9B02BD025A87F650098F91E /* FreeShareButtonNode.swift in Sources */,
				F9E7DBF425A5BDC8007788AC /* ASRxTarget.swift in Sources */,
				F9B02B9925A75C8A0098F91E /* ArticleCategory.swift in Sources */,
				F9E7DBEF25A5BDA7007788AC /* ASControlTarget.swift in Sources */,
				F9A7A5EA25A6BCD4004CFA9E /* Device.swift in Sources */,
				F9B02BBC25A7705B0098F91E /* CategorySelectionCell.swift in Sources */,
				F9E7DC4225A5FFE7007788AC /* FleaMarketContentFieldCell.swift in Sources */,
				F9B02BC825A842510098F91E /* RegionSelectionCell.swift in Sources */,
				F9E7DC0125A5BECB007788AC /* ASControlNode.swift in Sources */,
				F9B02B8B25A750AC0098F91E /* RegionPresenter.swift in Sources */,
				F9E7DC4825A60265007788AC /* TextFieldNode.swift in Sources */,
				F9B02B7725A747630098F91E /* CategoryRouter.swift in Sources */,
				F9E7DBF925A5BE66007788AC /* ASButtonNode+Rx.swift in Sources */,
			);
			runOnlyForDeploymentPostprocessing = 0;
		};
		F9E7DAD025A5A991007788AC /* Sources */ = {
			isa = PBXSourcesBuildPhase;
			buildActionMask = 2147483647;
			files = (
				F9B02C3525A8ECD20098F91E /* FleaMarketWriteFormInteractorTests.swift in Sources */,
				F9B02C3725A8ECD20098F91E /* FleaMarketWriteFormPresenterTests.swift in Sources */,
				F92B8D5925AAE365000D62F4 /* CategoryWorkerTests.swift in Sources */,
				F9B02C4925AA12FD0098F91E /* Seeds.swift in Sources */,
				F92B8D6725AB6DDD000D62F4 /* RegionInteractorTests.swift in Sources */,
				F92B8D6825AB6DDD000D62F4 /* RegionWorkerTests.swift in Sources */,
				F92B8D5A25AAE365000D62F4 /* CategoryPresenterTests.swift in Sources */,
				F9B02C3425A8ECD20098F91E /* FleaMarketWriteFormViewControllerTests.swift in Sources */,
				F92B8D5825AAE365000D62F4 /* CategoryInteractorTests.swift in Sources */,
				F92B8D6625AB6DDD000D62F4 /* RegionViewControllerTests.swift in Sources */,
				F9E7DAD925A5A991007788AC /* Karrot_cloneTests.swift in Sources */,
				F9B02C3625A8ECD20098F91E /* FleaMarketWriteFormWorkerTests.swift in Sources */,
				F92B8D6925AB6DDD000D62F4 /* RegionPresenterTests.swift in Sources */,
				F92B8D5725AAE365000D62F4 /* CategoryViewControllerTests.swift in Sources */,
			);
			runOnlyForDeploymentPostprocessing = 0;
		};
		F9E7DADB25A5A991007788AC /* Sources */ = {
			isa = PBXSourcesBuildPhase;
			buildActionMask = 2147483647;
			files = (
				F9E7DAE425A5A991007788AC /* Karrot_cloneUITests.swift in Sources */,
			);
			runOnlyForDeploymentPostprocessing = 0;
		};
/* End PBXSourcesBuildPhase section */

/* Begin PBXTargetDependency section */
		F9E7DAD625A5A991007788AC /* PBXTargetDependency */ = {
			isa = PBXTargetDependency;
			target = F9E7DABD25A5A990007788AC /* Karrot_clone */;
			targetProxy = F9E7DAD525A5A991007788AC /* PBXContainerItemProxy */;
		};
		F9E7DAE125A5A991007788AC /* PBXTargetDependency */ = {
			isa = PBXTargetDependency;
			target = F9E7DABD25A5A990007788AC /* Karrot_clone */;
			targetProxy = F9E7DAE025A5A991007788AC /* PBXContainerItemProxy */;
		};
/* End PBXTargetDependency section */

/* Begin PBXVariantGroup section */
		F9E7DACC25A5A991007788AC /* LaunchScreen.storyboard */ = {
			isa = PBXVariantGroup;
			children = (
				F9E7DACD25A5A991007788AC /* Base */,
			);
			name = LaunchScreen.storyboard;
			sourceTree = "<group>";
		};
/* End PBXVariantGroup section */

/* Begin XCBuildConfiguration section */
		F9E7DAE625A5A991007788AC /* Debug */ = {
			isa = XCBuildConfiguration;
			buildSettings = {
				ALWAYS_SEARCH_USER_PATHS = NO;
				CLANG_ANALYZER_NONNULL = YES;
				CLANG_ANALYZER_NUMBER_OBJECT_CONVERSION = YES_AGGRESSIVE;
				CLANG_CXX_LANGUAGE_STANDARD = "gnu++14";
				CLANG_CXX_LIBRARY = "libc++";
				CLANG_ENABLE_MODULES = YES;
				CLANG_ENABLE_OBJC_ARC = YES;
				CLANG_ENABLE_OBJC_WEAK = YES;
				CLANG_WARN_BLOCK_CAPTURE_AUTORELEASING = YES;
				CLANG_WARN_BOOL_CONVERSION = YES;
				CLANG_WARN_COMMA = YES;
				CLANG_WARN_CONSTANT_CONVERSION = YES;
				CLANG_WARN_DEPRECATED_OBJC_IMPLEMENTATIONS = YES;
				CLANG_WARN_DIRECT_OBJC_ISA_USAGE = YES_ERROR;
				CLANG_WARN_DOCUMENTATION_COMMENTS = YES;
				CLANG_WARN_EMPTY_BODY = YES;
				CLANG_WARN_ENUM_CONVERSION = YES;
				CLANG_WARN_INFINITE_RECURSION = YES;
				CLANG_WARN_INT_CONVERSION = YES;
				CLANG_WARN_NON_LITERAL_NULL_CONVERSION = YES;
				CLANG_WARN_OBJC_IMPLICIT_RETAIN_SELF = YES;
				CLANG_WARN_OBJC_LITERAL_CONVERSION = YES;
				CLANG_WARN_OBJC_ROOT_CLASS = YES_ERROR;
				CLANG_WARN_QUOTED_INCLUDE_IN_FRAMEWORK_HEADER = YES;
				CLANG_WARN_RANGE_LOOP_ANALYSIS = YES;
				CLANG_WARN_STRICT_PROTOTYPES = YES;
				CLANG_WARN_SUSPICIOUS_MOVE = YES;
				CLANG_WARN_UNGUARDED_AVAILABILITY = YES_AGGRESSIVE;
				CLANG_WARN_UNREACHABLE_CODE = YES;
				CLANG_WARN__DUPLICATE_METHOD_MATCH = YES;
				COPY_PHASE_STRIP = NO;
				DEBUG_INFORMATION_FORMAT = dwarf;
				ENABLE_STRICT_OBJC_MSGSEND = YES;
				ENABLE_TESTABILITY = YES;
				GCC_C_LANGUAGE_STANDARD = gnu11;
				GCC_DYNAMIC_NO_PIC = NO;
				GCC_NO_COMMON_BLOCKS = YES;
				GCC_OPTIMIZATION_LEVEL = 0;
				GCC_PREPROCESSOR_DEFINITIONS = (
					"DEBUG=1",
					"$(inherited)",
				);
				GCC_WARN_64_TO_32_BIT_CONVERSION = YES;
				GCC_WARN_ABOUT_RETURN_TYPE = YES_ERROR;
				GCC_WARN_UNDECLARED_SELECTOR = YES;
				GCC_WARN_UNINITIALIZED_AUTOS = YES_AGGRESSIVE;
				GCC_WARN_UNUSED_FUNCTION = YES;
				GCC_WARN_UNUSED_VARIABLE = YES;
				IPHONEOS_DEPLOYMENT_TARGET = 14.3;
				MTL_ENABLE_DEBUG_INFO = INCLUDE_SOURCE;
				MTL_FAST_MATH = YES;
				ONLY_ACTIVE_ARCH = YES;
				SDKROOT = iphoneos;
				SWIFT_ACTIVE_COMPILATION_CONDITIONS = DEBUG;
				SWIFT_OPTIMIZATION_LEVEL = "-Onone";
			};
			name = Debug;
		};
		F9E7DAE725A5A991007788AC /* Release */ = {
			isa = XCBuildConfiguration;
			buildSettings = {
				ALWAYS_SEARCH_USER_PATHS = NO;
				CLANG_ANALYZER_NONNULL = YES;
				CLANG_ANALYZER_NUMBER_OBJECT_CONVERSION = YES_AGGRESSIVE;
				CLANG_CXX_LANGUAGE_STANDARD = "gnu++14";
				CLANG_CXX_LIBRARY = "libc++";
				CLANG_ENABLE_MODULES = YES;
				CLANG_ENABLE_OBJC_ARC = YES;
				CLANG_ENABLE_OBJC_WEAK = YES;
				CLANG_WARN_BLOCK_CAPTURE_AUTORELEASING = YES;
				CLANG_WARN_BOOL_CONVERSION = YES;
				CLANG_WARN_COMMA = YES;
				CLANG_WARN_CONSTANT_CONVERSION = YES;
				CLANG_WARN_DEPRECATED_OBJC_IMPLEMENTATIONS = YES;
				CLANG_WARN_DIRECT_OBJC_ISA_USAGE = YES_ERROR;
				CLANG_WARN_DOCUMENTATION_COMMENTS = YES;
				CLANG_WARN_EMPTY_BODY = YES;
				CLANG_WARN_ENUM_CONVERSION = YES;
				CLANG_WARN_INFINITE_RECURSION = YES;
				CLANG_WARN_INT_CONVERSION = YES;
				CLANG_WARN_NON_LITERAL_NULL_CONVERSION = YES;
				CLANG_WARN_OBJC_IMPLICIT_RETAIN_SELF = YES;
				CLANG_WARN_OBJC_LITERAL_CONVERSION = YES;
				CLANG_WARN_OBJC_ROOT_CLASS = YES_ERROR;
				CLANG_WARN_QUOTED_INCLUDE_IN_FRAMEWORK_HEADER = YES;
				CLANG_WARN_RANGE_LOOP_ANALYSIS = YES;
				CLANG_WARN_STRICT_PROTOTYPES = YES;
				CLANG_WARN_SUSPICIOUS_MOVE = YES;
				CLANG_WARN_UNGUARDED_AVAILABILITY = YES_AGGRESSIVE;
				CLANG_WARN_UNREACHABLE_CODE = YES;
				CLANG_WARN__DUPLICATE_METHOD_MATCH = YES;
				COPY_PHASE_STRIP = NO;
				DEBUG_INFORMATION_FORMAT = "dwarf-with-dsym";
				ENABLE_NS_ASSERTIONS = NO;
				ENABLE_STRICT_OBJC_MSGSEND = YES;
				GCC_C_LANGUAGE_STANDARD = gnu11;
				GCC_NO_COMMON_BLOCKS = YES;
				GCC_WARN_64_TO_32_BIT_CONVERSION = YES;
				GCC_WARN_ABOUT_RETURN_TYPE = YES_ERROR;
				GCC_WARN_UNDECLARED_SELECTOR = YES;
				GCC_WARN_UNINITIALIZED_AUTOS = YES_AGGRESSIVE;
				GCC_WARN_UNUSED_FUNCTION = YES;
				GCC_WARN_UNUSED_VARIABLE = YES;
				IPHONEOS_DEPLOYMENT_TARGET = 14.3;
				MTL_ENABLE_DEBUG_INFO = NO;
				MTL_FAST_MATH = YES;
				SDKROOT = iphoneos;
				SWIFT_COMPILATION_MODE = wholemodule;
				SWIFT_OPTIMIZATION_LEVEL = "-O";
				VALIDATE_PRODUCT = YES;
			};
			name = Release;
		};
		F9E7DAE925A5A991007788AC /* Debug */ = {
			isa = XCBuildConfiguration;
			buildSettings = {
				ASSETCATALOG_COMPILER_APPICON_NAME = AppIcon;
				ASSETCATALOG_COMPILER_GLOBAL_ACCENT_COLOR_NAME = AccentColor;
				CODE_SIGN_STYLE = Automatic;
				DEVELOPMENT_TEAM = 4YL8LS5ZJC;
				FRAMEWORK_SEARCH_PATHS = (
					"$(inherited)",
					"$(PROJECT_DIR)/Carthage/Build/iOS",
				);
				INFOPLIST_FILE = Karrot_clone/Supportings/plists/Info.plist;
				IPHONEOS_DEPLOYMENT_TARGET = 14.0;
				LD_RUNPATH_SEARCH_PATHS = (
					"$(inherited)",
					"@executable_path/Frameworks",
				);
				PRODUCT_BUNDLE_IDENTIFIER = "com.statios.Karrot-clone";
				PRODUCT_NAME = "$(TARGET_NAME)";
				SWIFT_VERSION = 5.0;
				TARGETED_DEVICE_FAMILY = 1;
			};
			name = Debug;
		};
		F9E7DAEA25A5A991007788AC /* Release */ = {
			isa = XCBuildConfiguration;
			buildSettings = {
				ASSETCATALOG_COMPILER_APPICON_NAME = AppIcon;
				ASSETCATALOG_COMPILER_GLOBAL_ACCENT_COLOR_NAME = AccentColor;
				CODE_SIGN_STYLE = Automatic;
				DEVELOPMENT_TEAM = 4YL8LS5ZJC;
				FRAMEWORK_SEARCH_PATHS = (
					"$(inherited)",
					"$(PROJECT_DIR)/Carthage/Build/iOS",
				);
				INFOPLIST_FILE = Karrot_clone/Supportings/plists/Info.plist;
				IPHONEOS_DEPLOYMENT_TARGET = 14.0;
				LD_RUNPATH_SEARCH_PATHS = (
					"$(inherited)",
					"@executable_path/Frameworks",
				);
				PRODUCT_BUNDLE_IDENTIFIER = "com.statios.Karrot-clone";
				PRODUCT_NAME = "$(TARGET_NAME)";
				SWIFT_VERSION = 5.0;
				TARGETED_DEVICE_FAMILY = 1;
			};
			name = Release;
		};
		F9E7DAEC25A5A991007788AC /* Debug */ = {
			isa = XCBuildConfiguration;
			buildSettings = {
				ALWAYS_EMBED_SWIFT_STANDARD_LIBRARIES = YES;
				BUNDLE_LOADER = "$(TEST_HOST)";
				CODE_SIGN_STYLE = Automatic;
				DEVELOPMENT_TEAM = 4YL8LS5ZJC;
				INFOPLIST_FILE = Karrot_cloneTests/Info.plist;
				IPHONEOS_DEPLOYMENT_TARGET = 14.0;
				LD_RUNPATH_SEARCH_PATHS = (
					"$(inherited)",
					"@executable_path/Frameworks",
					"@loader_path/Frameworks",
				);
				PRODUCT_BUNDLE_IDENTIFIER = "com.statios.Karrot-cloneTests";
				PRODUCT_NAME = "$(TARGET_NAME)";
				SWIFT_VERSION = 5.0;
				TARGETED_DEVICE_FAMILY = "1,2";
				TEST_HOST = "$(BUILT_PRODUCTS_DIR)/Karrot_clone.app/Karrot_clone";
			};
			name = Debug;
		};
		F9E7DAED25A5A991007788AC /* Release */ = {
			isa = XCBuildConfiguration;
			buildSettings = {
				ALWAYS_EMBED_SWIFT_STANDARD_LIBRARIES = YES;
				BUNDLE_LOADER = "$(TEST_HOST)";
				CODE_SIGN_STYLE = Automatic;
				DEVELOPMENT_TEAM = 4YL8LS5ZJC;
				INFOPLIST_FILE = Karrot_cloneTests/Info.plist;
				IPHONEOS_DEPLOYMENT_TARGET = 14.0;
				LD_RUNPATH_SEARCH_PATHS = (
					"$(inherited)",
					"@executable_path/Frameworks",
					"@loader_path/Frameworks",
				);
				PRODUCT_BUNDLE_IDENTIFIER = "com.statios.Karrot-cloneTests";
				PRODUCT_NAME = "$(TARGET_NAME)";
				SWIFT_VERSION = 5.0;
				TARGETED_DEVICE_FAMILY = "1,2";
				TEST_HOST = "$(BUILT_PRODUCTS_DIR)/Karrot_clone.app/Karrot_clone";
			};
			name = Release;
		};
		F9E7DAEF25A5A991007788AC /* Debug */ = {
			isa = XCBuildConfiguration;
			buildSettings = {
				ALWAYS_EMBED_SWIFT_STANDARD_LIBRARIES = YES;
				CODE_SIGN_STYLE = Automatic;
				DEVELOPMENT_TEAM = 4YL8LS5ZJC;
				INFOPLIST_FILE = Karrot_cloneUITests/Info.plist;
				LD_RUNPATH_SEARCH_PATHS = (
					"$(inherited)",
					"@executable_path/Frameworks",
					"@loader_path/Frameworks",
				);
				PRODUCT_BUNDLE_IDENTIFIER = "com.statios.Karrot-cloneUITests";
				PRODUCT_NAME = "$(TARGET_NAME)";
				SWIFT_VERSION = 5.0;
				TARGETED_DEVICE_FAMILY = "1,2";
				TEST_TARGET_NAME = Karrot_clone;
			};
			name = Debug;
		};
		F9E7DAF025A5A991007788AC /* Release */ = {
			isa = XCBuildConfiguration;
			buildSettings = {
				ALWAYS_EMBED_SWIFT_STANDARD_LIBRARIES = YES;
				CODE_SIGN_STYLE = Automatic;
				DEVELOPMENT_TEAM = 4YL8LS5ZJC;
				INFOPLIST_FILE = Karrot_cloneUITests/Info.plist;
				LD_RUNPATH_SEARCH_PATHS = (
					"$(inherited)",
					"@executable_path/Frameworks",
					"@loader_path/Frameworks",
				);
				PRODUCT_BUNDLE_IDENTIFIER = "com.statios.Karrot-cloneUITests";
				PRODUCT_NAME = "$(TARGET_NAME)";
				SWIFT_VERSION = 5.0;
				TARGETED_DEVICE_FAMILY = "1,2";
				TEST_TARGET_NAME = Karrot_clone;
			};
			name = Release;
		};
/* End XCBuildConfiguration section */

/* Begin XCConfigurationList section */
		F9E7DAB925A5A990007788AC /* Build configuration list for PBXProject "Karrot_clone" */ = {
			isa = XCConfigurationList;
			buildConfigurations = (
				F9E7DAE625A5A991007788AC /* Debug */,
				F9E7DAE725A5A991007788AC /* Release */,
			);
			defaultConfigurationIsVisible = 0;
			defaultConfigurationName = Release;
		};
		F9E7DAE825A5A991007788AC /* Build configuration list for PBXNativeTarget "Karrot_clone" */ = {
			isa = XCConfigurationList;
			buildConfigurations = (
				F9E7DAE925A5A991007788AC /* Debug */,
				F9E7DAEA25A5A991007788AC /* Release */,
			);
			defaultConfigurationIsVisible = 0;
			defaultConfigurationName = Release;
		};
		F9E7DAEB25A5A991007788AC /* Build configuration list for PBXNativeTarget "Karrot_cloneTests" */ = {
			isa = XCConfigurationList;
			buildConfigurations = (
				F9E7DAEC25A5A991007788AC /* Debug */,
				F9E7DAED25A5A991007788AC /* Release */,
			);
			defaultConfigurationIsVisible = 0;
			defaultConfigurationName = Release;
		};
		F9E7DAEE25A5A991007788AC /* Build configuration list for PBXNativeTarget "Karrot_cloneUITests" */ = {
			isa = XCConfigurationList;
			buildConfigurations = (
				F9E7DAEF25A5A991007788AC /* Debug */,
				F9E7DAF025A5A991007788AC /* Release */,
			);
			defaultConfigurationIsVisible = 0;
			defaultConfigurationName = Release;
		};
/* End XCConfigurationList section */

/* Begin XCRemoteSwiftPackageReference section */
		F9B02C3E25A982800098F91E /* XCRemoteSwiftPackageReference "Nimble" */ = {
			isa = XCRemoteSwiftPackageReference;
			repositoryURL = "https://github.com/Quick/Nimble";
			requirement = {
				kind = upToNextMajorVersion;
				minimumVersion = 9.0.0;
			};
		};
		F9E7DB0725A5AD80007788AC /* XCRemoteSwiftPackageReference "RxSwift" */ = {
			isa = XCRemoteSwiftPackageReference;
			repositoryURL = "https://github.com/ReactiveX/RxSwift";
			requirement = {
				kind = upToNextMajorVersion;
				minimumVersion = 6.0.0;
			};
		};
		F9E7DB1525A5AD98007788AC /* XCRemoteSwiftPackageReference "Then" */ = {
			isa = XCRemoteSwiftPackageReference;
			repositoryURL = "https://github.com/devxoul/Then";
			requirement = {
				kind = upToNextMajorVersion;
				minimumVersion = 2.7.0;
			};
		};
		F9E7DB1B25A5ADB0007788AC /* XCRemoteSwiftPackageReference "Resolver" */ = {
			isa = XCRemoteSwiftPackageReference;
			repositoryURL = "https://github.com/hmlongco/Resolver";
			requirement = {
				kind = upToNextMajorVersion;
				minimumVersion = 1.3.0;
			};
		};
/* End XCRemoteSwiftPackageReference section */

/* Begin XCSwiftPackageProductDependency section */
		F9B02C3F25A982800098F91E /* Nimble */ = {
			isa = XCSwiftPackageProductDependency;
			package = F9B02C3E25A982800098F91E /* XCRemoteSwiftPackageReference "Nimble" */;
			productName = Nimble;
		};
		F9E7DB0825A5AD80007788AC /* RxSwift */ = {
			isa = XCSwiftPackageProductDependency;
			package = F9E7DB0725A5AD80007788AC /* XCRemoteSwiftPackageReference "RxSwift" */;
			productName = RxSwift;
		};
		F9E7DB0C25A5AD80007788AC /* RxRelay */ = {
			isa = XCSwiftPackageProductDependency;
			package = F9E7DB0725A5AD80007788AC /* XCRemoteSwiftPackageReference "RxSwift" */;
			productName = RxRelay;
		};
		F9E7DB0E25A5AD80007788AC /* RxCocoa */ = {
			isa = XCSwiftPackageProductDependency;
			package = F9E7DB0725A5AD80007788AC /* XCRemoteSwiftPackageReference "RxSwift" */;
			productName = RxCocoa;
		};
		F9E7DB1625A5AD98007788AC /* Then */ = {
			isa = XCSwiftPackageProductDependency;
			package = F9E7DB1525A5AD98007788AC /* XCRemoteSwiftPackageReference "Then" */;
			productName = Then;
		};
		F9E7DB1C25A5ADB0007788AC /* Resolver */ = {
			isa = XCSwiftPackageProductDependency;
			package = F9E7DB1B25A5ADB0007788AC /* XCRemoteSwiftPackageReference "Resolver" */;
			productName = Resolver;
		};
/* End XCSwiftPackageProductDependency section */
	};
	rootObject = F9E7DAB625A5A990007788AC /* Project object */;
}
